
Microsoft Visual Studio Solution File, Format Version 12.00
# Visual Studio 15
VisualStudioVersion = 15.0.27428.2015
MinimumVisualStudioVersion = 10.0.40219.1
Project("{FAE04EC0-301F-11D3-BF4B-00C04F79EFBC}") = "Ex0904", "Ex0904.csproj", "{3D7ADE02-0214-485B-9FB9-5A9D44DD1B4A}"
EndProject
Global
	GlobalSection(SolutionConfigurationPlatforms) = preSolution
		Debug|Any CPU = Debug|Any CPU
		Release|Any CPU = Release|Any CPU
	EndGlobalSection
	GlobalSection(ProjectConfigurationPlatforms) = postSolution
		{3D7ADE02-0214-485B-9FB9-5A9D44DD1B4A}.Debug|Any CPU.ActiveCfg = Debug|Any CPU
		{3D7ADE02-0214-485B-9FB9-5A9D44DD1B4A}.Debug|Any CPU.Build.0 = Debug|Any CPU
		{3D7ADE02-0214-485B-9FB9-5A9D44DD1B4A}.Release|Any CPU.ActiveCfg = Release|Any CPU
		{3D7ADE02-0214-485B-9FB9-5A9D44DD1B4A}.Release|Any CPU.Build.0 = Release|Any CPU
	EndGlobalSection
	GlobalSection(SolutionProperties) = preSolution
		HideSolutionNode = FALSE
	EndGlobalSection
	GlobalSection(ExtensibilityGlobals) = postSolution
		SolutionGuid = {1308B53E-316E-4C50-B448-4DAE5BDCC744}
	EndGlobalSection
EndGlobal
