
Microsoft Visual Studio Solution File, Format Version 12.00
# Visual Studio 15
VisualStudioVersion = 15.0.27428.2015
MinimumVisualStudioVersion = 10.0.40219.1
Project("{FAE04EC0-301F-11D3-BF4B-00C04F79EFBC}") = "Ex1505", "Ex1505.csproj", "{75F60C0A-4432-4B22-96A9-F0432C89517B}"
EndProject
Global
	GlobalSection(SolutionConfigurationPlatforms) = preSolution
		Debug|Any CPU = Debug|Any CPU
		Release|Any CPU = Release|Any CPU
	EndGlobalSection
	GlobalSection(ProjectConfigurationPlatforms) = postSolution
		{75F60C0A-4432-4B22-96A9-F0432C89517B}.Debug|Any CPU.ActiveCfg = Debug|Any CPU
		{75F60C0A-4432-4B22-96A9-F0432C89517B}.Debug|Any CPU.Build.0 = Debug|Any CPU
		{75F60C0A-4432-4B22-96A9-F0432C89517B}.Release|Any CPU.ActiveCfg = Release|Any CPU
		{75F60C0A-4432-4B22-96A9-F0432C89517B}.Release|Any CPU.Build.0 = Release|Any CPU
	EndGlobalSection
	GlobalSection(SolutionProperties) = preSolution
		HideSolutionNode = FALSE
	EndGlobalSection
	GlobalSection(ExtensibilityGlobals) = postSolution
		SolutionGuid = {5E400E62-FAF4-4FFE-9A33-505FABD85527}
	EndGlobalSection
EndGlobal
