
Microsoft Visual Studio Solution File, Format Version 12.00
# Visual Studio 15
VisualStudioVersion = 15.0.27428.2015
MinimumVisualStudioVersion = 10.0.40219.1
Project("{FAE04EC0-301F-11D3-BF4B-00C04F79EFBC}") = "Ex1410", "Ex1410.csproj", "{F97BE5E5-C8F5-4046-9B8E-0F484C0C800D}"
EndProject
Global
	GlobalSection(SolutionConfigurationPlatforms) = preSolution
		Debug|Any CPU = Debug|Any CPU
		Release|Any CPU = Release|Any CPU
	EndGlobalSection
	GlobalSection(ProjectConfigurationPlatforms) = postSolution
		{F97BE5E5-C8F5-4046-9B8E-0F484C0C800D}.Debug|Any CPU.ActiveCfg = Debug|Any CPU
		{F97BE5E5-C8F5-4046-9B8E-0F484C0C800D}.Debug|Any CPU.Build.0 = Debug|Any CPU
		{F97BE5E5-C8F5-4046-9B8E-0F484C0C800D}.Release|Any CPU.ActiveCfg = Release|Any CPU
		{F97BE5E5-C8F5-4046-9B8E-0F484C0C800D}.Release|Any CPU.Build.0 = Release|Any CPU
	EndGlobalSection
	GlobalSection(SolutionProperties) = preSolution
		HideSolutionNode = FALSE
	EndGlobalSection
	GlobalSection(ExtensibilityGlobals) = postSolution
		SolutionGuid = {32B5B430-4295-4EA0-9EAF-9F103A462281}
	EndGlobalSection
EndGlobal
