
Microsoft Visual Studio Solution File, Format Version 12.00
# Visual Studio 15
VisualStudioVersion = 15.0.27428.2002
MinimumVisualStudioVersion = 10.0.40219.1
Project("{FAE04EC0-301F-11D3-BF4B-00C04F79EFBC}") = "Ex0501", "Ex0501.csproj", "{76192F15-8140-42D4-830D-BA36CD5B8D30}"
EndProject
Global
	GlobalSection(SolutionConfigurationPlatforms) = preSolution
		Debug|Any CPU = Debug|Any CPU
		Release|Any CPU = Release|Any CPU
	EndGlobalSection
	GlobalSection(ProjectConfigurationPlatforms) = postSolution
		{76192F15-8140-42D4-830D-BA36CD5B8D30}.Debug|Any CPU.ActiveCfg = Debug|Any CPU
		{76192F15-8140-42D4-830D-BA36CD5B8D30}.Debug|Any CPU.Build.0 = Debug|Any CPU
		{76192F15-8140-42D4-830D-BA36CD5B8D30}.Release|Any CPU.ActiveCfg = Release|Any CPU
		{76192F15-8140-42D4-830D-BA36CD5B8D30}.Release|Any CPU.Build.0 = Release|Any CPU
	EndGlobalSection
	GlobalSection(SolutionProperties) = preSolution
		HideSolutionNode = FALSE
	EndGlobalSection
	GlobalSection(ExtensibilityGlobals) = postSolution
		SolutionGuid = {C3879906-D7F0-422A-B706-CC03582962E9}
	EndGlobalSection
EndGlobal
