
Microsoft Visual Studio Solution File, Format Version 12.00
# Visual Studio 15
VisualStudioVersion = 15.0.27428.2015
MinimumVisualStudioVersion = 10.0.40219.1
Project("{FAE04EC0-301F-11D3-BF4B-00C04F79EFBC}") = "Ex0201", "Ex0201\Ex0201.csproj", "{3558CB96-6B02-4B91-B32E-B70745A64A6E}"
EndProject
Project("{FAE04EC0-301F-11D3-BF4B-00C04F79EFBC}") = "Ex0202", "Ex0202\Ex0202.csproj", "{E5E6609D-68C1-4559-99E6-8B2A05A1FC19}"
EndProject
Global
	GlobalSection(SolutionConfigurationPlatforms) = preSolution
		Debug|Any CPU = Debug|Any CPU
		Release|Any CPU = Release|Any CPU
	EndGlobalSection
	GlobalSection(ProjectConfigurationPlatforms) = postSolution
		{3558CB96-6B02-4B91-B32E-B70745A64A6E}.Debug|Any CPU.ActiveCfg = Debug|Any CPU
		{3558CB96-6B02-4B91-B32E-B70745A64A6E}.Debug|Any CPU.Build.0 = Debug|Any CPU
		{3558CB96-6B02-4B91-B32E-B70745A64A6E}.Release|Any CPU.ActiveCfg = Release|Any CPU
		{3558CB96-6B02-4B91-B32E-B70745A64A6E}.Release|Any CPU.Build.0 = Release|Any CPU
		{E5E6609D-68C1-4559-99E6-8B2A05A1FC19}.Debug|Any CPU.ActiveCfg = Debug|Any CPU
		{E5E6609D-68C1-4559-99E6-8B2A05A1FC19}.Debug|Any CPU.Build.0 = Debug|Any CPU
		{E5E6609D-68C1-4559-99E6-8B2A05A1FC19}.Release|Any CPU.ActiveCfg = Release|Any CPU
		{E5E6609D-68C1-4559-99E6-8B2A05A1FC19}.Release|Any CPU.Build.0 = Release|Any CPU
	EndGlobalSection
	GlobalSection(SolutionProperties) = preSolution
		HideSolutionNode = FALSE
	EndGlobalSection
	GlobalSection(ExtensibilityGlobals) = postSolution
		SolutionGuid = {D03088A4-D643-4F87-8A2C-F7FD993F5A8F}
	EndGlobalSection
EndGlobal
