
Microsoft Visual Studio Solution File, Format Version 12.00
# Visual Studio 15
VisualStudioVersion = 15.0.27428.2002
MinimumVisualStudioVersion = 10.0.40219.1
Project("{FAE04EC0-301F-11D3-BF4B-00C04F79EFBC}") = "Ex0506", "Ex0506.csproj", "{5B0000E9-7C73-423D-A5FA-F88EF22B8071}"
EndProject
Global
	GlobalSection(SolutionConfigurationPlatforms) = preSolution
		Debug|Any CPU = Debug|Any CPU
		Release|Any CPU = Release|Any CPU
	EndGlobalSection
	GlobalSection(ProjectConfigurationPlatforms) = postSolution
		{5B0000E9-7C73-423D-A5FA-F88EF22B8071}.Debug|Any CPU.ActiveCfg = Debug|Any CPU
		{5B0000E9-7C73-423D-A5FA-F88EF22B8071}.Debug|Any CPU.Build.0 = Debug|Any CPU
		{5B0000E9-7C73-423D-A5FA-F88EF22B8071}.Release|Any CPU.ActiveCfg = Release|Any CPU
		{5B0000E9-7C73-423D-A5FA-F88EF22B8071}.Release|Any CPU.Build.0 = Release|Any CPU
	EndGlobalSection
	GlobalSection(SolutionProperties) = preSolution
		HideSolutionNode = FALSE
	EndGlobalSection
	GlobalSection(ExtensibilityGlobals) = postSolution
		SolutionGuid = {C9402811-9ADD-4A31-9326-E7E3D1C18791}
	EndGlobalSection
EndGlobal
