
Microsoft Visual Studio Solution File, Format Version 12.00
# Visual Studio 15
VisualStudioVersion = 15.0.27428.2015
MinimumVisualStudioVersion = 10.0.40219.1
Project("{FAE04EC0-301F-11D3-BF4B-00C04F79EFBC}") = "Ex1502", "Ex1502.csproj", "{CFB8FB7D-8FF9-405A-B1E6-1184C4DC7562}"
EndProject
Global
	GlobalSection(SolutionConfigurationPlatforms) = preSolution
		Debug|Any CPU = Debug|Any CPU
		Release|Any CPU = Release|Any CPU
	EndGlobalSection
	GlobalSection(ProjectConfigurationPlatforms) = postSolution
		{CFB8FB7D-8FF9-405A-B1E6-1184C4DC7562}.Debug|Any CPU.ActiveCfg = Debug|Any CPU
		{CFB8FB7D-8FF9-405A-B1E6-1184C4DC7562}.Debug|Any CPU.Build.0 = Debug|Any CPU
		{CFB8FB7D-8FF9-405A-B1E6-1184C4DC7562}.Release|Any CPU.ActiveCfg = Release|Any CPU
		{CFB8FB7D-8FF9-405A-B1E6-1184C4DC7562}.Release|Any CPU.Build.0 = Release|Any CPU
	EndGlobalSection
	GlobalSection(SolutionProperties) = preSolution
		HideSolutionNode = FALSE
	EndGlobalSection
	GlobalSection(ExtensibilityGlobals) = postSolution
		SolutionGuid = {350E3CFE-CF13-4C55-A15B-FC7168AFB258}
	EndGlobalSection
EndGlobal
