
Microsoft Visual Studio Solution File, Format Version 12.00
# Visual Studio 15
VisualStudioVersion = 15.0.27428.2002
MinimumVisualStudioVersion = 10.0.40219.1
Project("{FAE04EC0-301F-11D3-BF4B-00C04F79EFBC}") = "Ex0307", "Ex0307.csproj", "{ECFFEE11-6602-45D1-9AA1-688F02292DA3}"
EndProject
Global
	GlobalSection(SolutionConfigurationPlatforms) = preSolution
		Debug|Any CPU = Debug|Any CPU
		Release|Any CPU = Release|Any CPU
	EndGlobalSection
	GlobalSection(ProjectConfigurationPlatforms) = postSolution
		{ECFFEE11-6602-45D1-9AA1-688F02292DA3}.Debug|Any CPU.ActiveCfg = Debug|Any CPU
		{ECFFEE11-6602-45D1-9AA1-688F02292DA3}.Debug|Any CPU.Build.0 = Debug|Any CPU
		{ECFFEE11-6602-45D1-9AA1-688F02292DA3}.Release|Any CPU.ActiveCfg = Release|Any CPU
		{ECFFEE11-6602-45D1-9AA1-688F02292DA3}.Release|Any CPU.Build.0 = Release|Any CPU
	EndGlobalSection
	GlobalSection(SolutionProperties) = preSolution
		HideSolutionNode = FALSE
	EndGlobalSection
	GlobalSection(ExtensibilityGlobals) = postSolution
		SolutionGuid = {57145A6B-B7B9-425F-A655-78F4865D8CF7}
	EndGlobalSection
EndGlobal
