
Microsoft Visual Studio Solution File, Format Version 12.00
# Visual Studio 15
VisualStudioVersion = 15.0.27428.2002
MinimumVisualStudioVersion = 10.0.40219.1
Project("{FAE04EC0-301F-11D3-BF4B-00C04F79EFBC}") = "Ex0701", "Ex0701.csproj", "{8DB86276-C6C1-4F0F-91C5-E6B0E0DBCFAE}"
EndProject
Global
	GlobalSection(SolutionConfigurationPlatforms) = preSolution
		Debug|Any CPU = Debug|Any CPU
		Release|Any CPU = Release|Any CPU
	EndGlobalSection
	GlobalSection(ProjectConfigurationPlatforms) = postSolution
		{8DB86276-C6C1-4F0F-91C5-E6B0E0DBCFAE}.Debug|Any CPU.ActiveCfg = Debug|Any CPU
		{8DB86276-C6C1-4F0F-91C5-E6B0E0DBCFAE}.Debug|Any CPU.Build.0 = Debug|Any CPU
		{8DB86276-C6C1-4F0F-91C5-E6B0E0DBCFAE}.Release|Any CPU.ActiveCfg = Release|Any CPU
		{8DB86276-C6C1-4F0F-91C5-E6B0E0DBCFAE}.Release|Any CPU.Build.0 = Release|Any CPU
	EndGlobalSection
	GlobalSection(SolutionProperties) = preSolution
		HideSolutionNode = FALSE
	EndGlobalSection
	GlobalSection(ExtensibilityGlobals) = postSolution
		SolutionGuid = {27B0BC99-2C37-49E5-B62F-0DD98BDD2B6B}
	EndGlobalSection
EndGlobal
