
Microsoft Visual Studio Solution File, Format Version 12.00
# Visual Studio 15
VisualStudioVersion = 15.0.27428.2002
MinimumVisualStudioVersion = 10.0.40219.1
Project("{FAE04EC0-301F-11D3-BF4B-00C04F79EFBC}") = "Ex0507", "Ex0507.csproj", "{712053F6-E5D8-43A2-96B3-6C0F5DCEFEA6}"
EndProject
Global
	GlobalSection(SolutionConfigurationPlatforms) = preSolution
		Debug|Any CPU = Debug|Any CPU
		Release|Any CPU = Release|Any CPU
	EndGlobalSection
	GlobalSection(ProjectConfigurationPlatforms) = postSolution
		{712053F6-E5D8-43A2-96B3-6C0F5DCEFEA6}.Debug|Any CPU.ActiveCfg = Debug|Any CPU
		{712053F6-E5D8-43A2-96B3-6C0F5DCEFEA6}.Debug|Any CPU.Build.0 = Debug|Any CPU
		{712053F6-E5D8-43A2-96B3-6C0F5DCEFEA6}.Release|Any CPU.ActiveCfg = Release|Any CPU
		{712053F6-E5D8-43A2-96B3-6C0F5DCEFEA6}.Release|Any CPU.Build.0 = Release|Any CPU
	EndGlobalSection
	GlobalSection(SolutionProperties) = preSolution
		HideSolutionNode = FALSE
	EndGlobalSection
	GlobalSection(ExtensibilityGlobals) = postSolution
		SolutionGuid = {DA352509-9B5A-4F42-A6E5-074FA25F4293}
	EndGlobalSection
EndGlobal
