
Microsoft Visual Studio Solution File, Format Version 12.00
# Visual Studio 15
VisualStudioVersion = 15.0.27428.2015
MinimumVisualStudioVersion = 10.0.40219.1
Project("{FAE04EC0-301F-11D3-BF4B-00C04F79EFBC}") = "Ex0903", "Ex0903.csproj", "{1598A7F8-6FD1-450D-8493-7A54C27A1129}"
EndProject
Global
	GlobalSection(SolutionConfigurationPlatforms) = preSolution
		Debug|Any CPU = Debug|Any CPU
		Release|Any CPU = Release|Any CPU
	EndGlobalSection
	GlobalSection(ProjectConfigurationPlatforms) = postSolution
		{1598A7F8-6FD1-450D-8493-7A54C27A1129}.Debug|Any CPU.ActiveCfg = Debug|Any CPU
		{1598A7F8-6FD1-450D-8493-7A54C27A1129}.Debug|Any CPU.Build.0 = Debug|Any CPU
		{1598A7F8-6FD1-450D-8493-7A54C27A1129}.Release|Any CPU.ActiveCfg = Release|Any CPU
		{1598A7F8-6FD1-450D-8493-7A54C27A1129}.Release|Any CPU.Build.0 = Release|Any CPU
	EndGlobalSection
	GlobalSection(SolutionProperties) = preSolution
		HideSolutionNode = FALSE
	EndGlobalSection
	GlobalSection(ExtensibilityGlobals) = postSolution
		SolutionGuid = {A6E77445-FAFC-41B0-BA5F-B2C157BD2C8B}
	EndGlobalSection
EndGlobal
