
Microsoft Visual Studio Solution File, Format Version 12.00
# Visual Studio 15
VisualStudioVersion = 15.0.27428.2002
MinimumVisualStudioVersion = 10.0.40219.1
Project("{FAE04EC0-301F-11D3-BF4B-00C04F79EFBC}") = "CH0103", "CH0103.csproj", "{BACB4432-4352-4669-80DA-78B1824AB1F4}"
EndProject
Global
	GlobalSection(SolutionConfigurationPlatforms) = preSolution
		Debug|Any CPU = Debug|Any CPU
		Release|Any CPU = Release|Any CPU
	EndGlobalSection
	GlobalSection(ProjectConfigurationPlatforms) = postSolution
		{BACB4432-4352-4669-80DA-78B1824AB1F4}.Debug|Any CPU.ActiveCfg = Debug|Any CPU
		{BACB4432-4352-4669-80DA-78B1824AB1F4}.Debug|Any CPU.Build.0 = Debug|Any CPU
		{BACB4432-4352-4669-80DA-78B1824AB1F4}.Release|Any CPU.ActiveCfg = Release|Any CPU
		{BACB4432-4352-4669-80DA-78B1824AB1F4}.Release|Any CPU.Build.0 = Release|Any CPU
	EndGlobalSection
	GlobalSection(SolutionProperties) = preSolution
		HideSolutionNode = FALSE
	EndGlobalSection
	GlobalSection(ExtensibilityGlobals) = postSolution
		SolutionGuid = {473CE5DA-CDF7-481D-94E4-E00476CA11FA}
	EndGlobalSection
EndGlobal
