
Microsoft Visual Studio Solution File, Format Version 12.00
# Visual Studio 15
VisualStudioVersion = 15.0.27428.2002
MinimumVisualStudioVersion = 10.0.40219.1
Project("{FAE04EC0-301F-11D3-BF4B-00C04F79EFBC}") = "CH0101", "CH0101\CH0101.csproj", "{34345A89-B976-47E8-B2F1-31D6EB9842D7}"
EndProject
Project("{FAE04EC0-301F-11D3-BF4B-00C04F79EFBC}") = "CH0102", "CH0102\CH0102.csproj", "{A71354FB-26F4-4FB4-88C9-EB2EDF1088F4}"
EndProject
Global
	GlobalSection(SolutionConfigurationPlatforms) = preSolution
		Debug|Any CPU = Debug|Any CPU
		Release|Any CPU = Release|Any CPU
	EndGlobalSection
	GlobalSection(ProjectConfigurationPlatforms) = postSolution
		{34345A89-B976-47E8-B2F1-31D6EB9842D7}.Debug|Any CPU.ActiveCfg = Debug|Any CPU
		{34345A89-B976-47E8-B2F1-31D6EB9842D7}.Debug|Any CPU.Build.0 = Debug|Any CPU
		{34345A89-B976-47E8-B2F1-31D6EB9842D7}.Release|Any CPU.ActiveCfg = Release|Any CPU
		{34345A89-B976-47E8-B2F1-31D6EB9842D7}.Release|Any CPU.Build.0 = Release|Any CPU
		{A71354FB-26F4-4FB4-88C9-EB2EDF1088F4}.Debug|Any CPU.ActiveCfg = Debug|Any CPU
		{A71354FB-26F4-4FB4-88C9-EB2EDF1088F4}.Debug|Any CPU.Build.0 = Debug|Any CPU
		{A71354FB-26F4-4FB4-88C9-EB2EDF1088F4}.Release|Any CPU.ActiveCfg = Release|Any CPU
		{A71354FB-26F4-4FB4-88C9-EB2EDF1088F4}.Release|Any CPU.Build.0 = Release|Any CPU
	EndGlobalSection
	GlobalSection(SolutionProperties) = preSolution
		HideSolutionNode = FALSE
	EndGlobalSection
	GlobalSection(ExtensibilityGlobals) = postSolution
		SolutionGuid = {4927FB6F-B1B3-4251-A53B-3A18A6730F92}
	EndGlobalSection
EndGlobal
