
Microsoft Visual Studio Solution File, Format Version 12.00
# Visual Studio 15
VisualStudioVersion = 15.0.27428.2002
MinimumVisualStudioVersion = 10.0.40219.1
Project("{FAE04EC0-301F-11D3-BF4B-00C04F79EFBC}") = "Ex0614", "Ex0614.csproj", "{789FB84F-18BA-4E6B-9079-B913CBAE4A96}"
EndProject
Global
	GlobalSection(SolutionConfigurationPlatforms) = preSolution
		Debug|Any CPU = Debug|Any CPU
		Release|Any CPU = Release|Any CPU
	EndGlobalSection
	GlobalSection(ProjectConfigurationPlatforms) = postSolution
		{789FB84F-18BA-4E6B-9079-B913CBAE4A96}.Debug|Any CPU.ActiveCfg = Debug|Any CPU
		{789FB84F-18BA-4E6B-9079-B913CBAE4A96}.Debug|Any CPU.Build.0 = Debug|Any CPU
		{789FB84F-18BA-4E6B-9079-B913CBAE4A96}.Release|Any CPU.ActiveCfg = Release|Any CPU
		{789FB84F-18BA-4E6B-9079-B913CBAE4A96}.Release|Any CPU.Build.0 = Release|Any CPU
	EndGlobalSection
	GlobalSection(SolutionProperties) = preSolution
		HideSolutionNode = FALSE
	EndGlobalSection
	GlobalSection(ExtensibilityGlobals) = postSolution
		SolutionGuid = {D8646AD3-8CCF-40DA-811C-27BFE35E1996}
	EndGlobalSection
EndGlobal
