
Microsoft Visual Studio Solution File, Format Version 12.00
# Visual Studio 15
VisualStudioVersion = 15.0.27428.2002
MinimumVisualStudioVersion = 10.0.40219.1
Project("{FAE04EC0-301F-11D3-BF4B-00C04F79EFBC}") = "Ex0408", "Ex0408.csproj", "{5E48DE13-A502-4F70-AE21-4B0C160C9E95}"
EndProject
Global
	GlobalSection(SolutionConfigurationPlatforms) = preSolution
		Debug|Any CPU = Debug|Any CPU
		Release|Any CPU = Release|Any CPU
	EndGlobalSection
	GlobalSection(ProjectConfigurationPlatforms) = postSolution
		{5E48DE13-A502-4F70-AE21-4B0C160C9E95}.Debug|Any CPU.ActiveCfg = Debug|Any CPU
		{5E48DE13-A502-4F70-AE21-4B0C160C9E95}.Debug|Any CPU.Build.0 = Debug|Any CPU
		{5E48DE13-A502-4F70-AE21-4B0C160C9E95}.Release|Any CPU.ActiveCfg = Release|Any CPU
		{5E48DE13-A502-4F70-AE21-4B0C160C9E95}.Release|Any CPU.Build.0 = Release|Any CPU
	EndGlobalSection
	GlobalSection(SolutionProperties) = preSolution
		HideSolutionNode = FALSE
	EndGlobalSection
	GlobalSection(ExtensibilityGlobals) = postSolution
		SolutionGuid = {3C423350-627C-430A-B08A-9B83A5D585A5}
	EndGlobalSection
EndGlobal
