
Microsoft Visual Studio Solution File, Format Version 12.00
# Visual Studio 15
VisualStudioVersion = 15.0.27428.2002
MinimumVisualStudioVersion = 10.0.40219.1
Project("{FAE04EC0-301F-11D3-BF4B-00C04F79EFBC}") = "Ex0303", "Ex0303.csproj", "{14558F3B-7400-4A99-A1BD-0C4843D5AA4D}"
EndProject
Global
	GlobalSection(SolutionConfigurationPlatforms) = preSolution
		Debug|Any CPU = Debug|Any CPU
		Release|Any CPU = Release|Any CPU
	EndGlobalSection
	GlobalSection(ProjectConfigurationPlatforms) = postSolution
		{14558F3B-7400-4A99-A1BD-0C4843D5AA4D}.Debug|Any CPU.ActiveCfg = Debug|Any CPU
		{14558F3B-7400-4A99-A1BD-0C4843D5AA4D}.Debug|Any CPU.Build.0 = Debug|Any CPU
		{14558F3B-7400-4A99-A1BD-0C4843D5AA4D}.Release|Any CPU.ActiveCfg = Release|Any CPU
		{14558F3B-7400-4A99-A1BD-0C4843D5AA4D}.Release|Any CPU.Build.0 = Release|Any CPU
	EndGlobalSection
	GlobalSection(SolutionProperties) = preSolution
		HideSolutionNode = FALSE
	EndGlobalSection
	GlobalSection(ExtensibilityGlobals) = postSolution
		SolutionGuid = {F3CC28E0-B7E4-4AAB-BD49-FF876029EB6F}
	EndGlobalSection
EndGlobal
