
Microsoft Visual Studio Solution File, Format Version 12.00
# Visual Studio 15
VisualStudioVersion = 15.0.27428.2002
MinimumVisualStudioVersion = 10.0.40219.1
Project("{FAE04EC0-301F-11D3-BF4B-00C04F79EFBC}") = "Ex0204", "Ex0204.csproj", "{FE52D68A-B474-4C68-8E22-A0E948EF712E}"
EndProject
Global
	GlobalSection(SolutionConfigurationPlatforms) = preSolution
		Debug|Any CPU = Debug|Any CPU
		Release|Any CPU = Release|Any CPU
	EndGlobalSection
	GlobalSection(ProjectConfigurationPlatforms) = postSolution
		{FE52D68A-B474-4C68-8E22-A0E948EF712E}.Debug|Any CPU.ActiveCfg = Debug|Any CPU
		{FE52D68A-B474-4C68-8E22-A0E948EF712E}.Debug|Any CPU.Build.0 = Debug|Any CPU
		{FE52D68A-B474-4C68-8E22-A0E948EF712E}.Release|Any CPU.ActiveCfg = Release|Any CPU
		{FE52D68A-B474-4C68-8E22-A0E948EF712E}.Release|Any CPU.Build.0 = Release|Any CPU
	EndGlobalSection
	GlobalSection(SolutionProperties) = preSolution
		HideSolutionNode = FALSE
	EndGlobalSection
	GlobalSection(ExtensibilityGlobals) = postSolution
		SolutionGuid = {975108C6-C13E-4999-8EF9-FBBABA810387}
	EndGlobalSection
EndGlobal
