
Microsoft Visual Studio Solution File, Format Version 12.00
# Visual Studio 15
VisualStudioVersion = 15.0.27428.2002
MinimumVisualStudioVersion = 10.0.40219.1
Project("{FAE04EC0-301F-11D3-BF4B-00C04F79EFBC}") = "Ex0203", "Ex0203.csproj", "{86931D15-1A2E-4516-8C15-45B04D3B9EA8}"
EndProject
Global
	GlobalSection(SolutionConfigurationPlatforms) = preSolution
		Debug|Any CPU = Debug|Any CPU
		Release|Any CPU = Release|Any CPU
	EndGlobalSection
	GlobalSection(ProjectConfigurationPlatforms) = postSolution
		{86931D15-1A2E-4516-8C15-45B04D3B9EA8}.Debug|Any CPU.ActiveCfg = Debug|Any CPU
		{86931D15-1A2E-4516-8C15-45B04D3B9EA8}.Debug|Any CPU.Build.0 = Debug|Any CPU
		{86931D15-1A2E-4516-8C15-45B04D3B9EA8}.Release|Any CPU.ActiveCfg = Release|Any CPU
		{86931D15-1A2E-4516-8C15-45B04D3B9EA8}.Release|Any CPU.Build.0 = Release|Any CPU
	EndGlobalSection
	GlobalSection(SolutionProperties) = preSolution
		HideSolutionNode = FALSE
	EndGlobalSection
	GlobalSection(ExtensibilityGlobals) = postSolution
		SolutionGuid = {A777E006-1989-48B9-806C-0B458E0C7232}
	EndGlobalSection
EndGlobal
