
Microsoft Visual Studio Solution File, Format Version 12.00
# Visual Studio 15
VisualStudioVersion = 15.0.27428.2002
MinimumVisualStudioVersion = 10.0.40219.1
Project("{FAE04EC0-301F-11D3-BF4B-00C04F79EFBC}") = "Ex0710", "Ex0710.csproj", "{DD84254E-EC62-4BDA-BBCF-80FF7EED7D2E}"
EndProject
Global
	GlobalSection(SolutionConfigurationPlatforms) = preSolution
		Debug|Any CPU = Debug|Any CPU
		Release|Any CPU = Release|Any CPU
	EndGlobalSection
	GlobalSection(ProjectConfigurationPlatforms) = postSolution
		{DD84254E-EC62-4BDA-BBCF-80FF7EED7D2E}.Debug|Any CPU.ActiveCfg = Debug|Any CPU
		{DD84254E-EC62-4BDA-BBCF-80FF7EED7D2E}.Debug|Any CPU.Build.0 = Debug|Any CPU
		{DD84254E-EC62-4BDA-BBCF-80FF7EED7D2E}.Release|Any CPU.ActiveCfg = Release|Any CPU
		{DD84254E-EC62-4BDA-BBCF-80FF7EED7D2E}.Release|Any CPU.Build.0 = Release|Any CPU
	EndGlobalSection
	GlobalSection(SolutionProperties) = preSolution
		HideSolutionNode = FALSE
	EndGlobalSection
	GlobalSection(ExtensibilityGlobals) = postSolution
		SolutionGuid = {67227F3F-7CBD-4EBA-8948-3FA52D2139E3}
	EndGlobalSection
EndGlobal
