
Microsoft Visual Studio Solution File, Format Version 12.00
# Visual Studio 15
VisualStudioVersion = 15.0.27428.2002
MinimumVisualStudioVersion = 10.0.40219.1
Project("{FAE04EC0-301F-11D3-BF4B-00C04F79EFBC}") = "Ex0510", "Ex0510.csproj", "{C27A90C9-0ADA-4B37-B4D2-C5F7E8C7CEE3}"
EndProject
Global
	GlobalSection(SolutionConfigurationPlatforms) = preSolution
		Debug|Any CPU = Debug|Any CPU
		Release|Any CPU = Release|Any CPU
	EndGlobalSection
	GlobalSection(ProjectConfigurationPlatforms) = postSolution
		{C27A90C9-0ADA-4B37-B4D2-C5F7E8C7CEE3}.Debug|Any CPU.ActiveCfg = Debug|Any CPU
		{C27A90C9-0ADA-4B37-B4D2-C5F7E8C7CEE3}.Debug|Any CPU.Build.0 = Debug|Any CPU
		{C27A90C9-0ADA-4B37-B4D2-C5F7E8C7CEE3}.Release|Any CPU.ActiveCfg = Release|Any CPU
		{C27A90C9-0ADA-4B37-B4D2-C5F7E8C7CEE3}.Release|Any CPU.Build.0 = Release|Any CPU
	EndGlobalSection
	GlobalSection(SolutionProperties) = preSolution
		HideSolutionNode = FALSE
	EndGlobalSection
	GlobalSection(ExtensibilityGlobals) = postSolution
		SolutionGuid = {4F22619B-7368-4532-9B67-7E8B58E77F75}
	EndGlobalSection
EndGlobal
