
Microsoft Visual Studio Solution File, Format Version 12.00
# Visual Studio 15
VisualStudioVersion = 15.0.27428.2015
MinimumVisualStudioVersion = 10.0.40219.1
Project("{FAE04EC0-301F-11D3-BF4B-00C04F79EFBC}") = "Ex0812", "Ex0812.csproj", "{1C199211-5229-4B51-ADD6-6DC95D480EA0}"
EndProject
Global
	GlobalSection(SolutionConfigurationPlatforms) = preSolution
		Debug|Any CPU = Debug|Any CPU
		Release|Any CPU = Release|Any CPU
	EndGlobalSection
	GlobalSection(ProjectConfigurationPlatforms) = postSolution
		{1C199211-5229-4B51-ADD6-6DC95D480EA0}.Debug|Any CPU.ActiveCfg = Debug|Any CPU
		{1C199211-5229-4B51-ADD6-6DC95D480EA0}.Debug|Any CPU.Build.0 = Debug|Any CPU
		{1C199211-5229-4B51-ADD6-6DC95D480EA0}.Release|Any CPU.ActiveCfg = Release|Any CPU
		{1C199211-5229-4B51-ADD6-6DC95D480EA0}.Release|Any CPU.Build.0 = Release|Any CPU
	EndGlobalSection
	GlobalSection(SolutionProperties) = preSolution
		HideSolutionNode = FALSE
	EndGlobalSection
	GlobalSection(ExtensibilityGlobals) = postSolution
		SolutionGuid = {9FEC73AE-FFCC-4856-87C6-F25EF97101E6}
	EndGlobalSection
EndGlobal
