
Microsoft Visual Studio Solution File, Format Version 12.00
# Visual Studio 15
VisualStudioVersion = 15.0.27428.2002
MinimumVisualStudioVersion = 10.0.40219.1
Project("{FAE04EC0-301F-11D3-BF4B-00C04F79EFBC}") = "Ex0313", "Ex0313.csproj", "{1905175D-916C-48BE-A0A2-3504C86B3144}"
EndProject
Global
	GlobalSection(SolutionConfigurationPlatforms) = preSolution
		Debug|Any CPU = Debug|Any CPU
		Release|Any CPU = Release|Any CPU
	EndGlobalSection
	GlobalSection(ProjectConfigurationPlatforms) = postSolution
		{1905175D-916C-48BE-A0A2-3504C86B3144}.Debug|Any CPU.ActiveCfg = Debug|Any CPU
		{1905175D-916C-48BE-A0A2-3504C86B3144}.Debug|Any CPU.Build.0 = Debug|Any CPU
		{1905175D-916C-48BE-A0A2-3504C86B3144}.Release|Any CPU.ActiveCfg = Release|Any CPU
		{1905175D-916C-48BE-A0A2-3504C86B3144}.Release|Any CPU.Build.0 = Release|Any CPU
	EndGlobalSection
	GlobalSection(SolutionProperties) = preSolution
		HideSolutionNode = FALSE
	EndGlobalSection
	GlobalSection(ExtensibilityGlobals) = postSolution
		SolutionGuid = {9D42C60F-780A-430B-B671-20F42A7419B2}
	EndGlobalSection
EndGlobal
