
Microsoft Visual Studio Solution File, Format Version 12.00
# Visual Studio 15
VisualStudioVersion = 15.0.27428.2015
MinimumVisualStudioVersion = 10.0.40219.1
Project("{FAE04EC0-301F-11D3-BF4B-00C04F79EFBC}") = "Ex0907", "Ex0907.csproj", "{E0E6892F-BC25-4ABC-83BC-DD01466CB089}"
EndProject
Global
	GlobalSection(SolutionConfigurationPlatforms) = preSolution
		Debug|Any CPU = Debug|Any CPU
		Release|Any CPU = Release|Any CPU
	EndGlobalSection
	GlobalSection(ProjectConfigurationPlatforms) = postSolution
		{E0E6892F-BC25-4ABC-83BC-DD01466CB089}.Debug|Any CPU.ActiveCfg = Debug|Any CPU
		{E0E6892F-BC25-4ABC-83BC-DD01466CB089}.Debug|Any CPU.Build.0 = Debug|Any CPU
		{E0E6892F-BC25-4ABC-83BC-DD01466CB089}.Release|Any CPU.ActiveCfg = Release|Any CPU
		{E0E6892F-BC25-4ABC-83BC-DD01466CB089}.Release|Any CPU.Build.0 = Release|Any CPU
	EndGlobalSection
	GlobalSection(SolutionProperties) = preSolution
		HideSolutionNode = FALSE
	EndGlobalSection
	GlobalSection(ExtensibilityGlobals) = postSolution
		SolutionGuid = {F7805B77-3150-4CCB-8E6B-5D9EFBE5C314}
	EndGlobalSection
EndGlobal
