
Microsoft Visual Studio Solution File, Format Version 12.00
# Visual Studio 15
VisualStudioVersion = 15.0.27428.2015
MinimumVisualStudioVersion = 10.0.40219.1
Project("{FAE04EC0-301F-11D3-BF4B-00C04F79EFBC}") = "Ex0910Md", "Ex0910Md.csproj", "{53F51273-ACAE-4CDC-85A5-03B948E3E1CA}"
EndProject
Global
	GlobalSection(SolutionConfigurationPlatforms) = preSolution
		Debug|Any CPU = Debug|Any CPU
		Release|Any CPU = Release|Any CPU
	EndGlobalSection
	GlobalSection(ProjectConfigurationPlatforms) = postSolution
		{53F51273-ACAE-4CDC-85A5-03B948E3E1CA}.Debug|Any CPU.ActiveCfg = Debug|Any CPU
		{53F51273-ACAE-4CDC-85A5-03B948E3E1CA}.Debug|Any CPU.Build.0 = Debug|Any CPU
		{53F51273-ACAE-4CDC-85A5-03B948E3E1CA}.Release|Any CPU.ActiveCfg = Release|Any CPU
		{53F51273-ACAE-4CDC-85A5-03B948E3E1CA}.Release|Any CPU.Build.0 = Release|Any CPU
	EndGlobalSection
	GlobalSection(SolutionProperties) = preSolution
		HideSolutionNode = FALSE
	EndGlobalSection
	GlobalSection(ExtensibilityGlobals) = postSolution
		SolutionGuid = {A7A9B382-496A-4CDC-905F-67824877FA52}
	EndGlobalSection
EndGlobal
