
Microsoft Visual Studio Solution File, Format Version 12.00
# Visual Studio 15
VisualStudioVersion = 15.0.27428.2015
MinimumVisualStudioVersion = 10.0.40219.1
Project("{FAE04EC0-301F-11D3-BF4B-00C04F79EFBC}") = "Ex1204", "Ex1204.csproj", "{02123B7E-8287-4537-8910-4AA3C2201025}"
EndProject
Global
	GlobalSection(SolutionConfigurationPlatforms) = preSolution
		Debug|Any CPU = Debug|Any CPU
		Release|Any CPU = Release|Any CPU
	EndGlobalSection
	GlobalSection(ProjectConfigurationPlatforms) = postSolution
		{02123B7E-8287-4537-8910-4AA3C2201025}.Debug|Any CPU.ActiveCfg = Debug|Any CPU
		{02123B7E-8287-4537-8910-4AA3C2201025}.Debug|Any CPU.Build.0 = Debug|Any CPU
		{02123B7E-8287-4537-8910-4AA3C2201025}.Release|Any CPU.ActiveCfg = Release|Any CPU
		{02123B7E-8287-4537-8910-4AA3C2201025}.Release|Any CPU.Build.0 = Release|Any CPU
	EndGlobalSection
	GlobalSection(SolutionProperties) = preSolution
		HideSolutionNode = FALSE
	EndGlobalSection
	GlobalSection(ExtensibilityGlobals) = postSolution
		SolutionGuid = {D1EDA4B7-AF8F-4854-A239-A7A03D9A018E}
	EndGlobalSection
EndGlobal
