
Microsoft Visual Studio Solution File, Format Version 12.00
# Visual Studio 15
VisualStudioVersion = 15.0.27428.2002
MinimumVisualStudioVersion = 10.0.40219.1
Project("{FAE04EC0-301F-11D3-BF4B-00C04F79EFBC}") = "Ex0712", "Ex0712.csproj", "{020C1801-1F8F-4BE3-B3B8-3C6DCD5AE17A}"
EndProject
Global
	GlobalSection(SolutionConfigurationPlatforms) = preSolution
		Debug|Any CPU = Debug|Any CPU
		Release|Any CPU = Release|Any CPU
	EndGlobalSection
	GlobalSection(ProjectConfigurationPlatforms) = postSolution
		{020C1801-1F8F-4BE3-B3B8-3C6DCD5AE17A}.Debug|Any CPU.ActiveCfg = Debug|Any CPU
		{020C1801-1F8F-4BE3-B3B8-3C6DCD5AE17A}.Debug|Any CPU.Build.0 = Debug|Any CPU
		{020C1801-1F8F-4BE3-B3B8-3C6DCD5AE17A}.Release|Any CPU.ActiveCfg = Release|Any CPU
		{020C1801-1F8F-4BE3-B3B8-3C6DCD5AE17A}.Release|Any CPU.Build.0 = Release|Any CPU
	EndGlobalSection
	GlobalSection(SolutionProperties) = preSolution
		HideSolutionNode = FALSE
	EndGlobalSection
	GlobalSection(ExtensibilityGlobals) = postSolution
		SolutionGuid = {3A92098A-4128-44D4-87D3-5609497A68E7}
	EndGlobalSection
EndGlobal
