
Microsoft Visual Studio Solution File, Format Version 12.00
# Visual Studio 15
VisualStudioVersion = 15.0.27428.2015
MinimumVisualStudioVersion = 10.0.40219.1
Project("{FAE04EC0-301F-11D3-BF4B-00C04F79EFBC}") = "Ex0906", "Ex0906.csproj", "{0A3D552C-3BBB-43CA-B4D2-2780EA670D3F}"
EndProject
Global
	GlobalSection(SolutionConfigurationPlatforms) = preSolution
		Debug|Any CPU = Debug|Any CPU
		Release|Any CPU = Release|Any CPU
	EndGlobalSection
	GlobalSection(ProjectConfigurationPlatforms) = postSolution
		{0A3D552C-3BBB-43CA-B4D2-2780EA670D3F}.Debug|Any CPU.ActiveCfg = Debug|Any CPU
		{0A3D552C-3BBB-43CA-B4D2-2780EA670D3F}.Debug|Any CPU.Build.0 = Debug|Any CPU
		{0A3D552C-3BBB-43CA-B4D2-2780EA670D3F}.Release|Any CPU.ActiveCfg = Release|Any CPU
		{0A3D552C-3BBB-43CA-B4D2-2780EA670D3F}.Release|Any CPU.Build.0 = Release|Any CPU
	EndGlobalSection
	GlobalSection(SolutionProperties) = preSolution
		HideSolutionNode = FALSE
	EndGlobalSection
	GlobalSection(ExtensibilityGlobals) = postSolution
		SolutionGuid = {87DF863C-2300-4183-908C-659E88326323}
	EndGlobalSection
EndGlobal
