
Microsoft Visual Studio Solution File, Format Version 12.00
# Visual Studio 15
VisualStudioVersion = 15.0.27428.2015
MinimumVisualStudioVersion = 10.0.40219.1
Project("{FAE04EC0-301F-11D3-BF4B-00C04F79EFBC}") = "Ex0809", "Ex0809.csproj", "{BE8CD190-D17F-4E95-AD58-B0CC8B95629E}"
EndProject
Global
	GlobalSection(SolutionConfigurationPlatforms) = preSolution
		Debug|Any CPU = Debug|Any CPU
		Release|Any CPU = Release|Any CPU
	EndGlobalSection
	GlobalSection(ProjectConfigurationPlatforms) = postSolution
		{BE8CD190-D17F-4E95-AD58-B0CC8B95629E}.Debug|Any CPU.ActiveCfg = Debug|Any CPU
		{BE8CD190-D17F-4E95-AD58-B0CC8B95629E}.Debug|Any CPU.Build.0 = Debug|Any CPU
		{BE8CD190-D17F-4E95-AD58-B0CC8B95629E}.Release|Any CPU.ActiveCfg = Release|Any CPU
		{BE8CD190-D17F-4E95-AD58-B0CC8B95629E}.Release|Any CPU.Build.0 = Release|Any CPU
	EndGlobalSection
	GlobalSection(SolutionProperties) = preSolution
		HideSolutionNode = FALSE
	EndGlobalSection
	GlobalSection(ExtensibilityGlobals) = postSolution
		SolutionGuid = {C132A3A8-871F-4694-95C0-8E9B4B5ABD1B}
	EndGlobalSection
EndGlobal
