
Microsoft Visual Studio Solution File, Format Version 12.00
# Visual Studio 15
VisualStudioVersion = 15.0.27428.2002
MinimumVisualStudioVersion = 10.0.40219.1
Project("{FAE04EC0-301F-11D3-BF4B-00C04F79EFBC}") = "Ex0704", "Ex0704.csproj", "{B6B1DFE8-FDDE-4200-9555-6FCDF2C47AE4}"
EndProject
Global
	GlobalSection(SolutionConfigurationPlatforms) = preSolution
		Debug|Any CPU = Debug|Any CPU
		Release|Any CPU = Release|Any CPU
	EndGlobalSection
	GlobalSection(ProjectConfigurationPlatforms) = postSolution
		{B6B1DFE8-FDDE-4200-9555-6FCDF2C47AE4}.Debug|Any CPU.ActiveCfg = Debug|Any CPU
		{B6B1DFE8-FDDE-4200-9555-6FCDF2C47AE4}.Debug|Any CPU.Build.0 = Debug|Any CPU
		{B6B1DFE8-FDDE-4200-9555-6FCDF2C47AE4}.Release|Any CPU.ActiveCfg = Release|Any CPU
		{B6B1DFE8-FDDE-4200-9555-6FCDF2C47AE4}.Release|Any CPU.Build.0 = Release|Any CPU
	EndGlobalSection
	GlobalSection(SolutionProperties) = preSolution
		HideSolutionNode = FALSE
	EndGlobalSection
	GlobalSection(ExtensibilityGlobals) = postSolution
		SolutionGuid = {97F43FF5-8A2F-4273-BEEA-548A739296CC}
	EndGlobalSection
EndGlobal
