
Microsoft Visual Studio Solution File, Format Version 12.00
# Visual Studio 15
VisualStudioVersion = 15.0.27428.2015
MinimumVisualStudioVersion = 10.0.40219.1
Project("{FAE04EC0-301F-11D3-BF4B-00C04F79EFBC}") = "Ex1504", "Ex1504.csproj", "{70FC1D26-4FCE-4533-B430-1A4127DA5FF2}"
EndProject
Global
	GlobalSection(SolutionConfigurationPlatforms) = preSolution
		Debug|Any CPU = Debug|Any CPU
		Release|Any CPU = Release|Any CPU
	EndGlobalSection
	GlobalSection(ProjectConfigurationPlatforms) = postSolution
		{70FC1D26-4FCE-4533-B430-1A4127DA5FF2}.Debug|Any CPU.ActiveCfg = Debug|Any CPU
		{70FC1D26-4FCE-4533-B430-1A4127DA5FF2}.Debug|Any CPU.Build.0 = Debug|Any CPU
		{70FC1D26-4FCE-4533-B430-1A4127DA5FF2}.Release|Any CPU.ActiveCfg = Release|Any CPU
		{70FC1D26-4FCE-4533-B430-1A4127DA5FF2}.Release|Any CPU.Build.0 = Release|Any CPU
	EndGlobalSection
	GlobalSection(SolutionProperties) = preSolution
		HideSolutionNode = FALSE
	EndGlobalSection
	GlobalSection(ExtensibilityGlobals) = postSolution
		SolutionGuid = {B74C7DA1-B99D-492E-9DB4-E20B2DED12FD}
	EndGlobalSection
EndGlobal
