
Microsoft Visual Studio Solution File, Format Version 12.00
# Visual Studio 15
VisualStudioVersion = 15.0.27428.2002
MinimumVisualStudioVersion = 10.0.40219.1
Project("{FAE04EC0-301F-11D3-BF4B-00C04F79EFBC}") = "Ex0607", "Ex0607.csproj", "{149D1508-B937-4984-AFED-562B69E70531}"
EndProject
Global
	GlobalSection(SolutionConfigurationPlatforms) = preSolution
		Debug|Any CPU = Debug|Any CPU
		Release|Any CPU = Release|Any CPU
	EndGlobalSection
	GlobalSection(ProjectConfigurationPlatforms) = postSolution
		{149D1508-B937-4984-AFED-562B69E70531}.Debug|Any CPU.ActiveCfg = Debug|Any CPU
		{149D1508-B937-4984-AFED-562B69E70531}.Debug|Any CPU.Build.0 = Debug|Any CPU
		{149D1508-B937-4984-AFED-562B69E70531}.Release|Any CPU.ActiveCfg = Release|Any CPU
		{149D1508-B937-4984-AFED-562B69E70531}.Release|Any CPU.Build.0 = Release|Any CPU
	EndGlobalSection
	GlobalSection(SolutionProperties) = preSolution
		HideSolutionNode = FALSE
	EndGlobalSection
	GlobalSection(ExtensibilityGlobals) = postSolution
		SolutionGuid = {1834644F-F1F0-4264-AC96-48AAF342A910}
	EndGlobalSection
EndGlobal
