
Microsoft Visual Studio Solution File, Format Version 12.00
# Visual Studio 15
VisualStudioVersion = 15.0.27428.2015
MinimumVisualStudioVersion = 10.0.40219.1
Project("{FAE04EC0-301F-11D3-BF4B-00C04F79EFBC}") = "Ex0910Ud2", "Ex0910Ud2.csproj", "{2F970C7D-7E5B-4462-963C-F46A4A0E7EA6}"
EndProject
Global
	GlobalSection(SolutionConfigurationPlatforms) = preSolution
		Debug|Any CPU = Debug|Any CPU
		Release|Any CPU = Release|Any CPU
	EndGlobalSection
	GlobalSection(ProjectConfigurationPlatforms) = postSolution
		{2F970C7D-7E5B-4462-963C-F46A4A0E7EA6}.Debug|Any CPU.ActiveCfg = Debug|Any CPU
		{2F970C7D-7E5B-4462-963C-F46A4A0E7EA6}.Debug|Any CPU.Build.0 = Debug|Any CPU
		{2F970C7D-7E5B-4462-963C-F46A4A0E7EA6}.Release|Any CPU.ActiveCfg = Release|Any CPU
		{2F970C7D-7E5B-4462-963C-F46A4A0E7EA6}.Release|Any CPU.Build.0 = Release|Any CPU
	EndGlobalSection
	GlobalSection(SolutionProperties) = preSolution
		HideSolutionNode = FALSE
	EndGlobalSection
	GlobalSection(ExtensibilityGlobals) = postSolution
		SolutionGuid = {6F96DE38-5055-4A44-8ED3-D9E0F328A6AC}
	EndGlobalSection
EndGlobal
