
Microsoft Visual Studio Solution File, Format Version 12.00
# Visual Studio 15
VisualStudioVersion = 15.0.27428.2002
MinimumVisualStudioVersion = 10.0.40219.1
Project("{FAE04EC0-301F-11D3-BF4B-00C04F79EFBC}") = "Ex0315", "Ex0315.csproj", "{04016237-D742-4ED9-8C97-88E2B0445388}"
EndProject
Global
	GlobalSection(SolutionConfigurationPlatforms) = preSolution
		Debug|Any CPU = Debug|Any CPU
		Release|Any CPU = Release|Any CPU
	EndGlobalSection
	GlobalSection(ProjectConfigurationPlatforms) = postSolution
		{04016237-D742-4ED9-8C97-88E2B0445388}.Debug|Any CPU.ActiveCfg = Debug|Any CPU
		{04016237-D742-4ED9-8C97-88E2B0445388}.Debug|Any CPU.Build.0 = Debug|Any CPU
		{04016237-D742-4ED9-8C97-88E2B0445388}.Release|Any CPU.ActiveCfg = Release|Any CPU
		{04016237-D742-4ED9-8C97-88E2B0445388}.Release|Any CPU.Build.0 = Release|Any CPU
	EndGlobalSection
	GlobalSection(SolutionProperties) = preSolution
		HideSolutionNode = FALSE
	EndGlobalSection
	GlobalSection(ExtensibilityGlobals) = postSolution
		SolutionGuid = {386EC8B8-FB34-4F5B-89AC-BB22D4AC5716}
	EndGlobalSection
EndGlobal
