
Microsoft Visual Studio Solution File, Format Version 12.00
# Visual Studio 15
VisualStudioVersion = 15.0.27428.2015
MinimumVisualStudioVersion = 10.0.40219.1
Project("{FAE04EC0-301F-11D3-BF4B-00C04F79EFBC}") = "Ex1403", "Ex1403.csproj", "{4AC2B5B1-7E80-45A1-840A-2FED1D382906}"
EndProject
Global
	GlobalSection(SolutionConfigurationPlatforms) = preSolution
		Debug|Any CPU = Debug|Any CPU
		Release|Any CPU = Release|Any CPU
	EndGlobalSection
	GlobalSection(ProjectConfigurationPlatforms) = postSolution
		{4AC2B5B1-7E80-45A1-840A-2FED1D382906}.Debug|Any CPU.ActiveCfg = Debug|Any CPU
		{4AC2B5B1-7E80-45A1-840A-2FED1D382906}.Debug|Any CPU.Build.0 = Debug|Any CPU
		{4AC2B5B1-7E80-45A1-840A-2FED1D382906}.Release|Any CPU.ActiveCfg = Release|Any CPU
		{4AC2B5B1-7E80-45A1-840A-2FED1D382906}.Release|Any CPU.Build.0 = Release|Any CPU
	EndGlobalSection
	GlobalSection(SolutionProperties) = preSolution
		HideSolutionNode = FALSE
	EndGlobalSection
	GlobalSection(ExtensibilityGlobals) = postSolution
		SolutionGuid = {96FC2FAA-1CA2-45F9-A821-7E3E7164C8D6}
	EndGlobalSection
EndGlobal
